// !$*UTF8*$!
{
	archiveVersion = 1;
	classes = {
	};
	objectVersion = 46;
	objects = {

/* Begin PBXBuildFile section */
		F6738A771E9611AE00ECC0C7 /* main.cpp in Sources */ = {isa = PBXBuildFile; fileRef = F6738A761E9611AE00ECC0C7 /* main.cpp */; };
		F6738A7C1E97057A00ECC0C7 /* Genome.cpp in Sources */ = {isa = PBXBuildFile; fileRef = F6738A7A1E97057A00ECC0C7 /* Genome.cpp */; };
/* End PBXBuildFile section */

/* Begin PBXCopyFilesBuildPhase section */
		F6738A641E960E6700ECC0C7 /* CopyFiles */ = {
			isa = PBXCopyFilesBuildPhase;
			buildActionMask = 2147483647;
			dstPath = /usr/share/man/man1/;
			dstSubfolderSpec = 0;
			files = (
			);
			runOnlyForDeploymentPostprocessing = 1;
		};
/* End PBXCopyFilesBuildPhase section */

/* Begin PBXFileReference section */
		F6738A661E960E6700ECC0C7 /* SuffixTree */ = {isa = PBXFileReference; explicitFileType = "compiled.mach-o.executable"; includeInIndex = 0; path = SuffixTree; sourceTree = BUILT_PRODUCTS_DIR; };
		F6738A761E9611AE00ECC0C7 /* main.cpp */ = {isa = PBXFileReference; fileEncoding = 4; lastKnownFileType = sourcecode.cpp.cpp; path = main.cpp; sourceTree = "<group>"; };
		F6738A781E97046F00ECC0C7 /* SuffixTreeNode.h */ = {isa = PBXFileReference; lastKnownFileType = sourcecode.c.h; path = SuffixTreeNode.h; sourceTree = "<group>"; };
		F6738A791E9704A900ECC0C7 /* SuffixTree.h */ = {isa = PBXFileReference; lastKnownFileType = sourcecode.c.h; path = SuffixTree.h; sourceTree = "<group>"; };
		F6738A7A1E97057A00ECC0C7 /* Genome.cpp */ = {isa = PBXFileReference; fileEncoding = 4; lastKnownFileType = sourcecode.cpp.cpp; path = Genome.cpp; sourceTree = "<group>"; };
		F6738A7B1E97057A00ECC0C7 /* Genome.hpp */ = {isa = PBXFileReference; fileEncoding = 4; lastKnownFileType = sourcecode.cpp.h; path = Genome.hpp; sourceTree = "<group>"; };
/* End PBXFileReference section */

/* Begin PBXFrameworksBuildPhase section */
		F6738A631E960E6700ECC0C7 /* Frameworks */ = {
			isa = PBXFrameworksBuildPhase;
			buildActionMask = 2147483647;
			files = (
			);
			runOnlyForDeploymentPostprocessing = 0;
		};
/* End PBXFrameworksBuildPhase section */

/* Begin PBXGroup section */
		F6738A5D1E960E6700ECC0C7 = {
			isa = PBXGroup;
			children = (
				F6738A681E960E6700ECC0C7 /* SuffixTree */,
				F6738A671E960E6700ECC0C7 /* Products */,
			);
			sourceTree = "<group>";
		};
		F6738A671E960E6700ECC0C7 /* Products */ = {
			isa = PBXGroup;
			children = (
				F6738A661E960E6700ECC0C7 /* SuffixTree */,
			);
			name = Products;
			sourceTree = "<group>";
		};
		F6738A681E960E6700ECC0C7 /* SuffixTree */ = {
			isa = PBXGroup;
			children = (
				F6738A761E9611AE00ECC0C7 /* main.cpp */,
				F6738A781E97046F00ECC0C7 /* SuffixTreeNode.h */,
				F6738A791E9704A900ECC0C7 /* SuffixTree.h */,
				F6738A7A1E97057A00ECC0C7 /* Genome.cpp */,
				F6738A7B1E97057A00ECC0C7 /* Genome.hpp */,
			);
			path = SuffixTree;
			sourceTree = "<group>";
		};
/* End PBXGroup section */

/* Begin PBXNativeTarget section */
		F6738A651E960E6700ECC0C7 /* SuffixTree */ = {
			isa = PBXNativeTarget;
			buildConfigurationList = F6738A6D1E960E6700ECC0C7 /* Build configuration list for PBXNativeTarget "SuffixTree" */;
			buildPhases = (
				F6738A621E960E6700ECC0C7 /* Sources */,
				F6738A631E960E6700ECC0C7 /* Frameworks */,
				F6738A641E960E6700ECC0C7 /* CopyFiles */,
			);
			buildRules = (
			);
			dependencies = (
			);
			name = SuffixTree;
			productName = SuffixTree;
			productReference = F6738A661E960E6700ECC0C7 /* SuffixTree */;
			productType = "com.apple.product-type.tool";
		};
/* End PBXNativeTarget section */

/* Begin PBXProject section */
		F6738A5E1E960E6700ECC0C7 /* Project object */ = {
			isa = PBXProject;
			attributes = {
				LastUpgradeCheck = 0830;
				ORGANIZATIONNAME = jr2339;
				TargetAttributes = {
					F6738A651E960E6700ECC0C7 = {
						CreatedOnToolsVersion = 8.3;
						ProvisioningStyle = Automatic;
					};
				};
			};
			buildConfigurationList = F6738A611E960E6700ECC0C7 /* Build configuration list for PBXProject "SuffixTree" */;
			compatibilityVersion = "Xcode 3.2";
			developmentRegion = English;
			hasScannedForEncodings = 0;
			knownRegions = (
				en,
			);
			mainGroup = F6738A5D1E960E6700ECC0C7;
			productRefGroup = F6738A671E960E6700ECC0C7 /* Products */;
			projectDirPath = "";
			projectRoot = "";
			targets = (
				F6738A651E960E6700ECC0C7 /* SuffixTree */,
			);
		};
/* End PBXProject section */

/* Begin PBXSourcesBuildPhase section */
		F6738A621E960E6700ECC0C7 /* Sources */ = {
			isa = PBXSourcesBuildPhase;
			buildActionMask = 2147483647;
			files = (
				F6738A7C1E97057A00ECC0C7 /* Genome.cpp in Sources */,
				F6738A771E9611AE00ECC0C7 /* main.cpp in Sources */,
			);
			runOnlyForDeploymentPostprocessing = 0;
		};
/* End PBXSourcesBuildPhase section */

/* Begin XCBuildConfiguration section */
		F6738A6B1E960E6700ECC0C7 /* Debug */ = {
			isa = XCBuildConfiguration;
			buildSettings = {
				ALWAYS_SEARCH_USER_PATHS = NO;
				CLANG_ANALYZER_NONNULL = YES;
				CLANG_ANALYZER_NUMBER_OBJECT_CONVERSION = YES_AGGRESSIVE;
				CLANG_CXX_LANGUAGE_STANDARD = "gnu++0x";
				CLANG_CXX_LIBRARY = "libc++";
				CLANG_ENABLE_MODULES = YES;
				CLANG_ENABLE_OBJC_ARC = YES;
				CLANG_WARN_BOOL_CONVERSION = YES;
				CLANG_WARN_CONSTANT_CONVERSION = YES;
				CLANG_WARN_DIRECT_OBJC_ISA_USAGE = YES_ERROR;
				CLANG_WARN_DOCUMENTATION_COMMENTS = YES;
				CLANG_WARN_EMPTY_BODY = YES;
				CLANG_WARN_ENUM_CONVERSION = YES;
				CLANG_WARN_INFINITE_RECURSION = YES;
				CLANG_WARN_INT_CONVERSION = YES;
				CLANG_WARN_OBJC_ROOT_CLASS = YES_ERROR;
				CLANG_WARN_SUSPICIOUS_MOVE = YES;
				CLANG_WARN_UNREACHABLE_CODE = YES;
				CLANG_WARN__DUPLICATE_METHOD_MATCH = YES;
				CODE_SIGN_IDENTITY = "-";
				COPY_PHASE_STRIP = NO;
				DEBUG_INFORMATION_FORMAT = dwarf;
				ENABLE_STRICT_OBJC_MSGSEND = YES;
				ENABLE_TESTABILITY = YES;
				GCC_C_LANGUAGE_STANDARD = gnu99;
				GCC_DYNAMIC_NO_PIC = NO;
				GCC_NO_COMMON_BLOCKS = YES;
				GCC_OPTIMIZATION_LEVEL = 0;
				GCC_PREPROCESSOR_DEFINITIONS = (
					"DEBUG=1",
					"$(inherited)",
				);
				GCC_WARN_64_TO_32_BIT_CONVERSION = YES;
				GCC_WARN_ABOUT_RETURN_TYPE = YES_ERROR;
				GCC_WARN_UNDECLARED_SELECTOR = YES;
				GCC_WARN_UNINITIALIZED_AUTOS = YES_AGGRESSIVE;
				GCC_WARN_UNUSED_FUNCTION = YES;
				GCC_WARN_UNUSED_VARIABLE = YES;
				MACOSX_DEPLOYMENT_TARGET = 10.12;
				MTL_ENABLE_DEBUG_INFO = YES;
				ONLY_ACTIVE_ARCH = YES;
				SDKROOT = macosx;
			};
			name = Debug;
		};
		F6738A6C1E960E6700ECC0C7 /* Release */ = {
			isa = XCBuildConfiguration;
			buildSettings = {
				ALWAYS_SEARCH_USER_PATHS = NO;
				CLANG_ANALYZER_NONNULL = YES;
				CLANG_ANALYZER_NUMBER_OBJECT_CONVERSION = YES_AGGRESSIVE;
				CLANG_CXX_LANGUAGE_STANDARD = "gnu++0x";
				CLANG_CXX_LIBRARY = "libc++";
				CLANG_ENABLE_MODULES = YES;
				CLANG_ENABLE_OBJC_ARC = YES;
				CLANG_WARN_BOOL_CONVERSION = YES;
				CLANG_WARN_CONSTANT_CONVERSION = YES;
				CLANG_WARN_DIRECT_OBJC_ISA_USAGE = YES_ERROR;
				CLANG_WARN_DOCUMENTATION_COMMENTS = YES;
				CLANG_WARN_EMPTY_BODY = YES;
				CLANG_WARN_ENUM_CONVERSION = YES;
				CLANG_WARN_INFINITE_RECURSION = YES;
				CLANG_WARN_INT_CONVERSION = YES;
				CLANG_WARN_OBJC_ROOT_CLASS = YES_ERROR;
				CLANG_WARN_SUSPICIOUS_MOVE = YES;
				CLANG_WARN_UNREACHABLE_CODE = YES;
				CLANG_WARN__DUPLICATE_METHOD_MATCH = YES;
				CODE_SIGN_IDENTITY = "-";
				COPY_PHASE_STRIP = NO;
				DEBUG_INFORMATION_FORMAT = "dwarf-with-dsym";
				ENABLE_NS_ASSERTIONS = NO;
				ENABLE_STRICT_OBJC_MSGSEND = YES;
				GCC_C_LANGUAGE_STANDARD = gnu99;
				GCC_NO_COMMON_BLOCKS = YES;
				GCC_WARN_64_TO_32_BIT_CONVERSION = YES;
				GCC_WARN_ABOUT_RETURN_TYPE = YES_ERROR;
				GCC_WARN_UNDECLARED_SELECTOR = YES;
				GCC_WARN_UNINITIALIZED_AUTOS = YES_AGGRESSIVE;
				GCC_WARN_UNUSED_FUNCTION = YES;
				GCC_WARN_UNUSED_VARIABLE = YES;
				MACOSX_DEPLOYMENT_TARGET = 10.12;
				MTL_ENABLE_DEBUG_INFO = NO;
				SDKROOT = macosx;
			};
			name = Release;
		};
		F6738A6E1E960E6700ECC0C7 /* Debug */ = {
			isa = XCBuildConfiguration;
			buildSettings = {
				PRODUCT_NAME = "$(TARGET_NAME)";
			};
			name = Debug;
		};
		F6738A6F1E960E6700ECC0C7 /* Release */ = {
			isa = XCBuildConfiguration;
			buildSettings = {
				PRODUCT_NAME = "$(TARGET_NAME)";
			};
			name = Release;
		};
/* End XCBuildConfiguration section */

/* Begin XCConfigurationList section */
		F6738A611E960E6700ECC0C7 /* Build configuration list for PBXProject "SuffixTree" */ = {
			isa = XCConfigurationList;
			buildConfigurations = (
				F6738A6B1E960E6700ECC0C7 /* Debug */,
				F6738A6C1E960E6700ECC0C7 /* Release */,
			);
			defaultConfigurationIsVisible = 0;
			defaultConfigurationName = Release;
		};
		F6738A6D1E960E6700ECC0C7 /* Build configuration list for PBXNativeTarget "SuffixTree" */ = {
			isa = XCConfigurationList;
			buildConfigurations = (
				F6738A6E1E960E6700ECC0C7 /* Debug */,
				F6738A6F1E960E6700ECC0C7 /* Release */,
			);
			defaultConfigurationIsVisible = 0;
			defaultConfigurationName = Release;
		};
/* End XCConfigurationList section */
	};
	rootObject = F6738A5E1E960E6700ECC0C7 /* Project object */;
}
